
Microsoft Visual Studio Solution File, Format Version 12.00
# Visual Studio Version 17
VisualStudioVersion = 17.9.34728.123
MinimumVisualStudioVersion = 10.0.40219.1
Project("{FAE04EC0-301F-11D3-BF4B-00C04F79EFBC}") = "TodoApi", "TodoApi\TodoApi.csproj", "{EAC56174-0368-41DC-84A1-530AA0A1FFCD}"
EndProject
Global
	GlobalSection(SolutionConfigurationPlatforms) = preSolution
		Debug|Any CPU = Debug|Any CPU
		Release|Any CPU = Release|Any CPU
	EndGlobalSection
	GlobalSection(ProjectConfigurationPlatforms) = postSolution
		{EAC56174-0368-41DC-84A1-530AA0A1FFCD}.Debug|Any CPU.ActiveCfg = Debug|Any CPU
		{EAC56174-0368-41DC-84A1-530AA0A1FFCD}.Debug|Any CPU.Build.0 = Debug|Any CPU
		{EAC56174-0368-41DC-84A1-530AA0A1FFCD}.Release|Any CPU.ActiveCfg = Release|Any CPU
		{EAC56174-0368-41DC-84A1-530AA0A1FFCD}.Release|Any CPU.Build.0 = Release|Any CPU
	EndGlobalSection
	GlobalSection(SolutionProperties) = preSolution
		HideSolutionNode = FALSE
	EndGlobalSection
	GlobalSection(ExtensibilityGlobals) = postSolution
		SolutionGuid = {F1F8CBF4-BC91-4A85-BEF8-2B4266981B06}
	EndGlobalSection
EndGlobal
