
Microsoft Visual Studio Solution File, Format Version 12.00
# Visual Studio Version 17
VisualStudioVersion = 17.9.34728.123
MinimumVisualStudioVersion = 10.0.40219.1
Project("{2150E333-8FDC-42A3-9474-1A3956D46DE8}") = "Services", "Services", "{265F5657-161E-4792-8FEB-E74370AF531F}"
EndProject
Project("{2150E333-8FDC-42A3-9474-1A3956D46DE8}") = "Catalog", "Catalog", "{7A5F88C1-8A99-4044-8E2E-EDF76BC756EA}"
EndProject
Project("{9A19103F-16F7-4668-BE54-9A1E7A4F7556}") = "Catalog.API", "Services\Catalog\Catalog.API\Catalog.API.csproj", "{D2D66955-182B-43A8-8331-7966FA08A98D}"
EndProject
Project("{2150E333-8FDC-42A3-9474-1A3956D46DE8}") = "BuildingBlocks", "BuildingBlocks", "{A3EA1730-6799-44C3-8889-E2A75FF30C6B}"
EndProject
Project("{9A19103F-16F7-4668-BE54-9A1E7A4F7556}") = "BuildingBlocks", "BuildingBlocks\BuildingBlocks\BuildingBlocks.csproj", "{D3BD8C7A-55D6-4A5E-A807-03C6DE53EE51}"
EndProject
Project("{E53339B2-1760-4266-BCC7-CA923CBCF16C}") = "docker-compose", "docker-compose.dcproj", "{A5FB74D5-570E-4C28-A71C-64E6A1889B18}"
EndProject
Project("{2150E333-8FDC-42A3-9474-1A3956D46DE8}") = "Basket", "Basket", "{9B7600F9-2E0E-4384-9936-DA163CF881F6}"
EndProject
Project("{9A19103F-16F7-4668-BE54-9A1E7A4F7556}") = "Basket.API", "Services\Basket\Basket.API\Basket.API.csproj", "{1328F670-88BC-4D90-B83C-A0A826B51395}"
EndProject
Project("{2150E333-8FDC-42A3-9474-1A3956D46DE8}") = "Discount", "Discount", "{DFF9CF9D-A042-440C-B04C-6C6D08AC3B67}"
EndProject
Project("{9A19103F-16F7-4668-BE54-9A1E7A4F7556}") = "Discount.Grpc", "Services\Discount\Discount.Grpc\Discount.Grpc.csproj", "{5144445F-F588-4201-9AFF-D5DF3A53B393}"
EndProject
Project("{2150E333-8FDC-42A3-9474-1A3956D46DE8}") = "Ordering", "Ordering", "{F09EA019-037F-452B-9207-F44A2C01402B}"
EndProject
Project("{9A19103F-16F7-4668-BE54-9A1E7A4F7556}") = "Ordering.API", "Services\Ordering\Ordering.API\Ordering.API.csproj", "{3DB20E0E-BD2D-452D-9487-00B9C7F32CEF}"
EndProject
Project("{9A19103F-16F7-4668-BE54-9A1E7A4F7556}") = "Ordering.Domain", "Services\Ordering\Ordering.Domain\Ordering.Domain.csproj", "{D31260F4-090F-4BCE-9E88-B7F94EF5F14C}"
EndProject
Project("{9A19103F-16F7-4668-BE54-9A1E7A4F7556}") = "Ordering.Application", "Services\Ordering\Ordering.Application\Ordering.Application.csproj", "{C7809C66-7434-4C3E-B1C0-6FBB09F80854}"
EndProject
Project("{9A19103F-16F7-4668-BE54-9A1E7A4F7556}") = "Ordering.Infrastructure", "Services\Ordering\Ordering.Infrastructure\Ordering.Infrastructure.csproj", "{5390D02F-A764-42C8-8D19-7776E549F3FC}"
EndProject
Project("{FAE04EC0-301F-11D3-BF4B-00C04F79EFBC}") = "BuildingBlocks.Messaging", "BuildingBlocks\BuildingBlocks.Messaging\BuildingBlocks.Messaging.csproj", "{AF353056-78D0-4BF4-8545-9C29484293A4}"
EndProject
Global
	GlobalSection(SolutionConfigurationPlatforms) = preSolution
		Debug|Any CPU = Debug|Any CPU
		Release|Any CPU = Release|Any CPU
	EndGlobalSection
	GlobalSection(ProjectConfigurationPlatforms) = postSolution
		{D2D66955-182B-43A8-8331-7966FA08A98D}.Debug|Any CPU.ActiveCfg = Debug|Any CPU
		{D2D66955-182B-43A8-8331-7966FA08A98D}.Debug|Any CPU.Build.0 = Debug|Any CPU
		{D2D66955-182B-43A8-8331-7966FA08A98D}.Release|Any CPU.ActiveCfg = Release|Any CPU
		{D2D66955-182B-43A8-8331-7966FA08A98D}.Release|Any CPU.Build.0 = Release|Any CPU
		{D3BD8C7A-55D6-4A5E-A807-03C6DE53EE51}.Debug|Any CPU.ActiveCfg = Debug|Any CPU
		{D3BD8C7A-55D6-4A5E-A807-03C6DE53EE51}.Debug|Any CPU.Build.0 = Debug|Any CPU
		{D3BD8C7A-55D6-4A5E-A807-03C6DE53EE51}.Release|Any CPU.ActiveCfg = Release|Any CPU
		{D3BD8C7A-55D6-4A5E-A807-03C6DE53EE51}.Release|Any CPU.Build.0 = Release|Any CPU
		{A5FB74D5-570E-4C28-A71C-64E6A1889B18}.Debug|Any CPU.ActiveCfg = Debug|Any CPU
		{A5FB74D5-570E-4C28-A71C-64E6A1889B18}.Debug|Any CPU.Build.0 = Debug|Any CPU
		{A5FB74D5-570E-4C28-A71C-64E6A1889B18}.Release|Any CPU.ActiveCfg = Release|Any CPU
		{A5FB74D5-570E-4C28-A71C-64E6A1889B18}.Release|Any CPU.Build.0 = Release|Any CPU
		{1328F670-88BC-4D90-B83C-A0A826B51395}.Debug|Any CPU.ActiveCfg = Debug|Any CPU
		{1328F670-88BC-4D90-B83C-A0A826B51395}.Debug|Any CPU.Build.0 = Debug|Any CPU
		{1328F670-88BC-4D90-B83C-A0A826B51395}.Release|Any CPU.ActiveCfg = Release|Any CPU
		{1328F670-88BC-4D90-B83C-A0A826B51395}.Release|Any CPU.Build.0 = Release|Any CPU
		{5144445F-F588-4201-9AFF-D5DF3A53B393}.Debug|Any CPU.ActiveCfg = Debug|Any CPU
		{5144445F-F588-4201-9AFF-D5DF3A53B393}.Debug|Any CPU.Build.0 = Debug|Any CPU
		{5144445F-F588-4201-9AFF-D5DF3A53B393}.Release|Any CPU.ActiveCfg = Release|Any CPU
		{5144445F-F588-4201-9AFF-D5DF3A53B393}.Release|Any CPU.Build.0 = Release|Any CPU
		{3DB20E0E-BD2D-452D-9487-00B9C7F32CEF}.Debug|Any CPU.ActiveCfg = Debug|Any CPU
		{3DB20E0E-BD2D-452D-9487-00B9C7F32CEF}.Debug|Any CPU.Build.0 = Debug|Any CPU
		{3DB20E0E-BD2D-452D-9487-00B9C7F32CEF}.Release|Any CPU.ActiveCfg = Release|Any CPU
		{3DB20E0E-BD2D-452D-9487-00B9C7F32CEF}.Release|Any CPU.Build.0 = Release|Any CPU
		{D31260F4-090F-4BCE-9E88-B7F94EF5F14C}.Debug|Any CPU.ActiveCfg = Debug|Any CPU
		{D31260F4-090F-4BCE-9E88-B7F94EF5F14C}.Debug|Any CPU.Build.0 = Debug|Any CPU
		{D31260F4-090F-4BCE-9E88-B7F94EF5F14C}.Release|Any CPU.ActiveCfg = Release|Any CPU
		{D31260F4-090F-4BCE-9E88-B7F94EF5F14C}.Release|Any CPU.Build.0 = Release|Any CPU
		{C7809C66-7434-4C3E-B1C0-6FBB09F80854}.Debug|Any CPU.ActiveCfg = Debug|Any CPU
		{C7809C66-7434-4C3E-B1C0-6FBB09F80854}.Debug|Any CPU.Build.0 = Debug|Any CPU
		{C7809C66-7434-4C3E-B1C0-6FBB09F80854}.Release|Any CPU.ActiveCfg = Release|Any CPU
		{C7809C66-7434-4C3E-B1C0-6FBB09F80854}.Release|Any CPU.Build.0 = Release|Any CPU
		{5390D02F-A764-42C8-8D19-7776E549F3FC}.Debug|Any CPU.ActiveCfg = Debug|Any CPU
		{5390D02F-A764-42C8-8D19-7776E549F3FC}.Debug|Any CPU.Build.0 = Debug|Any CPU
		{5390D02F-A764-42C8-8D19-7776E549F3FC}.Release|Any CPU.ActiveCfg = Release|Any CPU
		{5390D02F-A764-42C8-8D19-7776E549F3FC}.Release|Any CPU.Build.0 = Release|Any CPU
		{AF353056-78D0-4BF4-8545-9C29484293A4}.Debug|Any CPU.ActiveCfg = Debug|Any CPU
		{AF353056-78D0-4BF4-8545-9C29484293A4}.Debug|Any CPU.Build.0 = Debug|Any CPU
		{AF353056-78D0-4BF4-8545-9C29484293A4}.Release|Any CPU.ActiveCfg = Release|Any CPU
		{AF353056-78D0-4BF4-8545-9C29484293A4}.Release|Any CPU.Build.0 = Release|Any CPU
	EndGlobalSection
	GlobalSection(SolutionProperties) = preSolution
		HideSolutionNode = FALSE
	EndGlobalSection
	GlobalSection(NestedProjects) = preSolution
		{7A5F88C1-8A99-4044-8E2E-EDF76BC756EA} = {265F5657-161E-4792-8FEB-E74370AF531F}
		{D2D66955-182B-43A8-8331-7966FA08A98D} = {7A5F88C1-8A99-4044-8E2E-EDF76BC756EA}
		{D3BD8C7A-55D6-4A5E-A807-03C6DE53EE51} = {A3EA1730-6799-44C3-8889-E2A75FF30C6B}
		{9B7600F9-2E0E-4384-9936-DA163CF881F6} = {265F5657-161E-4792-8FEB-E74370AF531F}
		{1328F670-88BC-4D90-B83C-A0A826B51395} = {9B7600F9-2E0E-4384-9936-DA163CF881F6}
		{DFF9CF9D-A042-440C-B04C-6C6D08AC3B67} = {265F5657-161E-4792-8FEB-E74370AF531F}
		{5144445F-F588-4201-9AFF-D5DF3A53B393} = {DFF9CF9D-A042-440C-B04C-6C6D08AC3B67}
		{F09EA019-037F-452B-9207-F44A2C01402B} = {265F5657-161E-4792-8FEB-E74370AF531F}
		{3DB20E0E-BD2D-452D-9487-00B9C7F32CEF} = {F09EA019-037F-452B-9207-F44A2C01402B}
		{D31260F4-090F-4BCE-9E88-B7F94EF5F14C} = {F09EA019-037F-452B-9207-F44A2C01402B}
		{C7809C66-7434-4C3E-B1C0-6FBB09F80854} = {F09EA019-037F-452B-9207-F44A2C01402B}
		{5390D02F-A764-42C8-8D19-7776E549F3FC} = {F09EA019-037F-452B-9207-F44A2C01402B}
		{AF353056-78D0-4BF4-8545-9C29484293A4} = {A3EA1730-6799-44C3-8889-E2A75FF30C6B}
	EndGlobalSection
	GlobalSection(ExtensibilityGlobals) = postSolution
		SolutionGuid = {3E7A0EA5-A99C-45E2-9530-8B4FFA94F44E}
	EndGlobalSection
EndGlobal
